
Microsoft Visual Studio Solution File, Format Version 12.00
# Visual Studio Version 17
VisualStudioVersion = 17.5.33209.295
MinimumVisualStudioVersion = 10.0.40219.1
Project("{9A19103F-16F7-4668-BE54-9A1E7A4F7556}") = "FontAwesome.WPF", "FontAwesome.WPF\FontAwesome.WPF.csproj", "{5683F45E-A186-4CCA-B54F-D9A8161C7132}"
EndProject
Project("{9A19103F-16F7-4668-BE54-9A1E7A4F7556}") = "Example.FontAwesome.WPF", "example-wpf\Example.FontAwesome.WPF.csproj", "{4C870BDA-42EE-4ACD-8652-7E1CBBF55EC9}"
EndProject
Global
	GlobalSection(SolutionConfigurationPlatforms) = preSolution
		Debug|Any CPU = Debug|Any CPU
		Release|Any CPU = Release|Any CPU
		Signed|Any CPU = Signed|Any CPU
	EndGlobalSection
	GlobalSection(ProjectConfigurationPlatforms) = postSolution
		{5683F45E-A186-4CCA-B54F-D9A8161C7132}.Debug|Any CPU.ActiveCfg = Debug|Any CPU
		{5683F45E-A186-4CCA-B54F-D9A8161C7132}.Debug|Any CPU.Build.0 = Debug|Any CPU
		{5683F45E-A186-4CCA-B54F-D9A8161C7132}.Release|Any CPU.ActiveCfg = Release|Any CPU
		{5683F45E-A186-4CCA-B54F-D9A8161C7132}.Release|Any CPU.Build.0 = Release|Any CPU
		{5683F45E-A186-4CCA-B54F-D9A8161C7132}.Signed|Any CPU.ActiveCfg = Debug|Any CPU
		{5683F45E-A186-4CCA-B54F-D9A8161C7132}.Signed|Any CPU.Build.0 = Debug|Any CPU
		{4C870BDA-42EE-4ACD-8652-7E1CBBF55EC9}.Debug|Any CPU.ActiveCfg = Debug|Any CPU
		{4C870BDA-42EE-4ACD-8652-7E1CBBF55EC9}.Debug|Any CPU.Build.0 = Debug|Any CPU
		{4C870BDA-42EE-4ACD-8652-7E1CBBF55EC9}.Release|Any CPU.ActiveCfg = Release|Any CPU
		{4C870BDA-42EE-4ACD-8652-7E1CBBF55EC9}.Release|Any CPU.Build.0 = Release|Any CPU
		{4C870BDA-42EE-4ACD-8652-7E1CBBF55EC9}.Signed|Any CPU.ActiveCfg = Debug|Any CPU
		{4C870BDA-42EE-4ACD-8652-7E1CBBF55EC9}.Signed|Any CPU.Build.0 = Debug|Any CPU
	EndGlobalSection
	GlobalSection(SolutionProperties) = preSolution
		HideSolutionNode = FALSE
	EndGlobalSection
	GlobalSection(ExtensibilityGlobals) = postSolution
		SolutionGuid = {5BF9DD71-1ED4-48D1-8E88-5D7E28716F70}
	EndGlobalSection
EndGlobal
